
Microsoft Visual Studio Solution File, Format Version 12.00
# Visual Studio 2012
Project("{FAE04EC0-301F-11D3-BF4B-00C04F79EFBC}") = "BankApplication", "BankApplication\BankApplication.csproj", "{753F6FF3-3275-40C5-AA43-18D5FB4AE8BE}"
EndProject
Project("{FAE04EC0-301F-11D3-BF4B-00C04F79EFBC}") = "UnitTestBankApplication", "UnitTestBankApplication\UnitTestBankApplication.csproj", "{D4A29502-526B-46FD-BC0A-1AC6C1A4CEB2}"
EndProject
Global
	GlobalSection(SolutionConfigurationPlatforms) = preSolution
		Debug|Any CPU = Debug|Any CPU
		Release|Any CPU = Release|Any CPU
	EndGlobalSection
	GlobalSection(ProjectConfigurationPlatforms) = postSolution
		{753F6FF3-3275-40C5-AA43-18D5FB4AE8BE}.Debug|Any CPU.ActiveCfg = Debug|Any CPU
		{753F6FF3-3275-40C5-AA43-18D5FB4AE8BE}.Debug|Any CPU.Build.0 = Debug|Any CPU
		{753F6FF3-3275-40C5-AA43-18D5FB4AE8BE}.Release|Any CPU.ActiveCfg = Release|Any CPU
		{753F6FF3-3275-40C5-AA43-18D5FB4AE8BE}.Release|Any CPU.Build.0 = Release|Any CPU
		{D4A29502-526B-46FD-BC0A-1AC6C1A4CEB2}.Debug|Any CPU.ActiveCfg = Debug|Any CPU
		{D4A29502-526B-46FD-BC0A-1AC6C1A4CEB2}.Debug|Any CPU.Build.0 = Debug|Any CPU
		{D4A29502-526B-46FD-BC0A-1AC6C1A4CEB2}.Release|Any CPU.ActiveCfg = Release|Any CPU
		{D4A29502-526B-46FD-BC0A-1AC6C1A4CEB2}.Release|Any CPU.Build.0 = Release|Any CPU
	EndGlobalSection
	GlobalSection(SolutionProperties) = preSolution
		HideSolutionNode = FALSE
	EndGlobalSection
EndGlobal
